
Microsoft Visual Studio Solution File, Format Version 12.00
# Visual Studio Version 17
VisualStudioVersion = 17.6.33829.357
MinimumVisualStudioVersion = 10.0.40219.1
Project("{FAE04EC0-301F-11D3-BF4B-00C04F79EFBC}") = "Role-based-auth", "Role-based-auth.csproj", "{220849FB-16E5-42E1-9A9A-7ACE3484F66D}"
EndProject
Global
	GlobalSection(SolutionConfigurationPlatforms) = preSolution
		Debug|Any CPU = Debug|Any CPU
		Release|Any CPU = Release|Any CPU
	EndGlobalSection
	GlobalSection(ProjectConfigurationPlatforms) = postSolution
		{220849FB-16E5-42E1-9A9A-7ACE3484F66D}.Debug|Any CPU.ActiveCfg = Debug|Any CPU
		{220849FB-16E5-42E1-9A9A-7ACE3484F66D}.Debug|Any CPU.Build.0 = Debug|Any CPU
		{220849FB-16E5-42E1-9A9A-7ACE3484F66D}.Release|Any CPU.ActiveCfg = Release|Any CPU
		{220849FB-16E5-42E1-9A9A-7ACE3484F66D}.Release|Any CPU.Build.0 = Release|Any CPU
	EndGlobalSection
	GlobalSection(SolutionProperties) = preSolution
		HideSolutionNode = FALSE
	EndGlobalSection
	GlobalSection(ExtensibilityGlobals) = postSolution
		SolutionGuid = {D4DC0185-396E-49CC-A335-516A7BC22B63}
	EndGlobalSection
EndGlobal
